
Microsoft Visual Studio Solution File, Format Version 12.00
# Visual Studio Version 16
VisualStudioVersion = 16.0.29102.190
MinimumVisualStudioVersion = 10.0.40219.1
Project("{FAE04EC0-301F-11D3-BF4B-00C04F79EFBC}") = "LoopAssignment", "LoopAssignment\LoopAssignment.csproj", "{4B930963-07AE-4093-873E-5F7EE6D31590}"
EndProject
Global
	GlobalSection(SolutionConfigurationPlatforms) = preSolution
		Debug|Any CPU = Debug|Any CPU
		Release|Any CPU = Release|Any CPU
	EndGlobalSection
	GlobalSection(ProjectConfigurationPlatforms) = postSolution
		{4B930963-07AE-4093-873E-5F7EE6D31590}.Debug|Any CPU.ActiveCfg = Debug|Any CPU
		{4B930963-07AE-4093-873E-5F7EE6D31590}.Debug|Any CPU.Build.0 = Debug|Any CPU
		{4B930963-07AE-4093-873E-5F7EE6D31590}.Release|Any CPU.ActiveCfg = Release|Any CPU
		{4B930963-07AE-4093-873E-5F7EE6D31590}.Release|Any CPU.Build.0 = Release|Any CPU
	EndGlobalSection
	GlobalSection(SolutionProperties) = preSolution
		HideSolutionNode = FALSE
	EndGlobalSection
	GlobalSection(ExtensibilityGlobals) = postSolution
		SolutionGuid = {1CFCC17B-0353-454B-AF08-6B33FC7255B6}
	EndGlobalSection
EndGlobal
