
Microsoft Visual Studio Solution File, Format Version 12.00
# Visual Studio Version 16
VisualStudioVersion = 16.0.29102.190
MinimumVisualStudioVersion = 10.0.40219.1
Project("{FAE04EC0-301F-11D3-BF4B-00C04F79EFBC}") = "CarInsuranceApp", "CarInsuranceApp\CarInsuranceApp.csproj", "{DD533964-F7DB-4ED3-9050-07514357BA54}"
EndProject
Global
	GlobalSection(SolutionConfigurationPlatforms) = preSolution
		Debug|Any CPU = Debug|Any CPU
		Release|Any CPU = Release|Any CPU
	EndGlobalSection
	GlobalSection(ProjectConfigurationPlatforms) = postSolution
		{DD533964-F7DB-4ED3-9050-07514357BA54}.Debug|Any CPU.ActiveCfg = Debug|Any CPU
		{DD533964-F7DB-4ED3-9050-07514357BA54}.Debug|Any CPU.Build.0 = Debug|Any CPU
		{DD533964-F7DB-4ED3-9050-07514357BA54}.Release|Any CPU.ActiveCfg = Release|Any CPU
		{DD533964-F7DB-4ED3-9050-07514357BA54}.Release|Any CPU.Build.0 = Release|Any CPU
	EndGlobalSection
	GlobalSection(SolutionProperties) = preSolution
		HideSolutionNode = FALSE
	EndGlobalSection
	GlobalSection(ExtensibilityGlobals) = postSolution
		SolutionGuid = {4F5B92FF-A778-4906-B845-B36D04DBF2F9}
	EndGlobalSection
EndGlobal
