
Microsoft Visual Studio Solution File, Format Version 12.00
# Visual Studio Version 16
VisualStudioVersion = 16.0.29102.190
MinimumVisualStudioVersion = 10.0.40219.1
Project("{FAE04EC0-301F-11D3-BF4B-00C04F79EFBC}") = "Enum Assignment", "Enum Assignment\Enum Assignment.csproj", "{B3E07860-9F54-4EF4-A9D4-9BB713E15620}"
EndProject
Global
	GlobalSection(SolutionConfigurationPlatforms) = preSolution
		Debug|Any CPU = Debug|Any CPU
		Release|Any CPU = Release|Any CPU
	EndGlobalSection
	GlobalSection(ProjectConfigurationPlatforms) = postSolution
		{B3E07860-9F54-4EF4-A9D4-9BB713E15620}.Debug|Any CPU.ActiveCfg = Debug|Any CPU
		{B3E07860-9F54-4EF4-A9D4-9BB713E15620}.Debug|Any CPU.Build.0 = Debug|Any CPU
		{B3E07860-9F54-4EF4-A9D4-9BB713E15620}.Release|Any CPU.ActiveCfg = Release|Any CPU
		{B3E07860-9F54-4EF4-A9D4-9BB713E15620}.Release|Any CPU.Build.0 = Release|Any CPU
	EndGlobalSection
	GlobalSection(SolutionProperties) = preSolution
		HideSolutionNode = FALSE
	EndGlobalSection
	GlobalSection(ExtensibilityGlobals) = postSolution
		SolutionGuid = {A72BA243-ACE4-4C03-AF0B-91D59CFD79E9}
	EndGlobalSection
EndGlobal
