
Microsoft Visual Studio Solution File, Format Version 12.00
# Visual Studio Version 16
VisualStudioVersion = 16.0.29102.190
MinimumVisualStudioVersion = 10.0.40219.1
Project("{FAE04EC0-301F-11D3-BF4B-00C04F79EFBC}") = "InheritanceOneAssignment", "InheritanceOneAssignment\InheritanceOneAssignment.csproj", "{99DE6566-9AC4-4EE6-8591-1BEBD5A3D37B}"
EndProject
Global
	GlobalSection(SolutionConfigurationPlatforms) = preSolution
		Debug|Any CPU = Debug|Any CPU
		Release|Any CPU = Release|Any CPU
	EndGlobalSection
	GlobalSection(ProjectConfigurationPlatforms) = postSolution
		{99DE6566-9AC4-4EE6-8591-1BEBD5A3D37B}.Debug|Any CPU.ActiveCfg = Debug|Any CPU
		{99DE6566-9AC4-4EE6-8591-1BEBD5A3D37B}.Debug|Any CPU.Build.0 = Debug|Any CPU
		{99DE6566-9AC4-4EE6-8591-1BEBD5A3D37B}.Release|Any CPU.ActiveCfg = Release|Any CPU
		{99DE6566-9AC4-4EE6-8591-1BEBD5A3D37B}.Release|Any CPU.Build.0 = Release|Any CPU
	EndGlobalSection
	GlobalSection(SolutionProperties) = preSolution
		HideSolutionNode = FALSE
	EndGlobalSection
	GlobalSection(ExtensibilityGlobals) = postSolution
		SolutionGuid = {3C06E80B-338E-4152-96A6-E9993DEF3F6A}
	EndGlobalSection
EndGlobal
