
Microsoft Visual Studio Solution File, Format Version 12.00
# Visual Studio Version 16
VisualStudioVersion = 16.0.29102.190
MinimumVisualStudioVersion = 10.0.40219.1
Project("{FAE04EC0-301F-11D3-BF4B-00C04F79EFBC}") = "AbstractAssignment", "AbstractAssignment\AbstractAssignment.csproj", "{684900CE-851C-463E-8599-B41490786F01}"
EndProject
Global
	GlobalSection(SolutionConfigurationPlatforms) = preSolution
		Debug|Any CPU = Debug|Any CPU
		Release|Any CPU = Release|Any CPU
	EndGlobalSection
	GlobalSection(ProjectConfigurationPlatforms) = postSolution
		{684900CE-851C-463E-8599-B41490786F01}.Debug|Any CPU.ActiveCfg = Debug|Any CPU
		{684900CE-851C-463E-8599-B41490786F01}.Debug|Any CPU.Build.0 = Debug|Any CPU
		{684900CE-851C-463E-8599-B41490786F01}.Release|Any CPU.ActiveCfg = Release|Any CPU
		{684900CE-851C-463E-8599-B41490786F01}.Release|Any CPU.Build.0 = Release|Any CPU
	EndGlobalSection
	GlobalSection(SolutionProperties) = preSolution
		HideSolutionNode = FALSE
	EndGlobalSection
	GlobalSection(ExtensibilityGlobals) = postSolution
		SolutionGuid = {39DD6150-2C30-4B0C-8C14-421E9143E06E}
	EndGlobalSection
EndGlobal
