
Microsoft Visual Studio Solution File, Format Version 12.00
# Visual Studio Version 16
VisualStudioVersion = 16.0.29102.190
MinimumVisualStudioVersion = 10.0.40219.1
Project("{FAE04EC0-301F-11D3-BF4B-00C04F79EFBC}") = "ClassAndMethodsAssignment", "ClassAndMethodsAssignment\ClassAndMethodsAssignment.csproj", "{4BCC93BD-6DA4-4A7D-A666-401DB95E1DF1}"
EndProject
Global
	GlobalSection(SolutionConfigurationPlatforms) = preSolution
		Debug|Any CPU = Debug|Any CPU
		Release|Any CPU = Release|Any CPU
	EndGlobalSection
	GlobalSection(ProjectConfigurationPlatforms) = postSolution
		{4BCC93BD-6DA4-4A7D-A666-401DB95E1DF1}.Debug|Any CPU.ActiveCfg = Debug|Any CPU
		{4BCC93BD-6DA4-4A7D-A666-401DB95E1DF1}.Debug|Any CPU.Build.0 = Debug|Any CPU
		{4BCC93BD-6DA4-4A7D-A666-401DB95E1DF1}.Release|Any CPU.ActiveCfg = Release|Any CPU
		{4BCC93BD-6DA4-4A7D-A666-401DB95E1DF1}.Release|Any CPU.Build.0 = Release|Any CPU
	EndGlobalSection
	GlobalSection(SolutionProperties) = preSolution
		HideSolutionNode = FALSE
	EndGlobalSection
	GlobalSection(ExtensibilityGlobals) = postSolution
		SolutionGuid = {1203EE8A-4F8D-46B7-B456-3C0ADE0EAEB0}
	EndGlobalSection
EndGlobal
