
Microsoft Visual Studio Solution File, Format Version 12.00
# Visual Studio Version 16
VisualStudioVersion = 16.0.29102.190
MinimumVisualStudioVersion = 10.0.40219.1
Project("{FAE04EC0-301F-11D3-BF4B-00C04F79EFBC}") = "log assignment", "log assignment\log assignment.csproj", "{E6B99216-AEC7-406E-8C26-D9A143C11675}"
EndProject
Global
	GlobalSection(SolutionConfigurationPlatforms) = preSolution
		Debug|Any CPU = Debug|Any CPU
		Release|Any CPU = Release|Any CPU
	EndGlobalSection
	GlobalSection(ProjectConfigurationPlatforms) = postSolution
		{E6B99216-AEC7-406E-8C26-D9A143C11675}.Debug|Any CPU.ActiveCfg = Debug|Any CPU
		{E6B99216-AEC7-406E-8C26-D9A143C11675}.Debug|Any CPU.Build.0 = Debug|Any CPU
		{E6B99216-AEC7-406E-8C26-D9A143C11675}.Release|Any CPU.ActiveCfg = Release|Any CPU
		{E6B99216-AEC7-406E-8C26-D9A143C11675}.Release|Any CPU.Build.0 = Release|Any CPU
	EndGlobalSection
	GlobalSection(SolutionProperties) = preSolution
		HideSolutionNode = FALSE
	EndGlobalSection
	GlobalSection(ExtensibilityGlobals) = postSolution
		SolutionGuid = {78CC3CB8-6F35-4CE4-A229-3520AF0BA764}
	EndGlobalSection
EndGlobal
