
Microsoft Visual Studio Solution File, Format Version 12.00
# Visual Studio Version 16
VisualStudioVersion = 16.0.29102.190
MinimumVisualStudioVersion = 10.0.40219.1
Project("{FAE04EC0-301F-11D3-BF4B-00C04F79EFBC}") = "ParametersAssignment", "ParametersAssignment\ParametersAssignment.csproj", "{0A5ED16E-641E-4245-8EE3-864ADAB86E4A}"
EndProject
Global
	GlobalSection(SolutionConfigurationPlatforms) = preSolution
		Debug|Any CPU = Debug|Any CPU
		Release|Any CPU = Release|Any CPU
	EndGlobalSection
	GlobalSection(ProjectConfigurationPlatforms) = postSolution
		{0A5ED16E-641E-4245-8EE3-864ADAB86E4A}.Debug|Any CPU.ActiveCfg = Debug|Any CPU
		{0A5ED16E-641E-4245-8EE3-864ADAB86E4A}.Debug|Any CPU.Build.0 = Debug|Any CPU
		{0A5ED16E-641E-4245-8EE3-864ADAB86E4A}.Release|Any CPU.ActiveCfg = Release|Any CPU
		{0A5ED16E-641E-4245-8EE3-864ADAB86E4A}.Release|Any CPU.Build.0 = Release|Any CPU
	EndGlobalSection
	GlobalSection(SolutionProperties) = preSolution
		HideSolutionNode = FALSE
	EndGlobalSection
	GlobalSection(ExtensibilityGlobals) = postSolution
		SolutionGuid = {1C58D08E-60AE-4815-9547-4EEF8F4CCF4B}
	EndGlobalSection
EndGlobal
