
Microsoft Visual Studio Solution File, Format Version 12.00
# Visual Studio Version 16
VisualStudioVersion = 16.0.29102.190
MinimumVisualStudioVersion = 10.0.40219.1
Project("{FAE04EC0-301F-11D3-BF4B-00C04F79EFBC}") = "ArrayAndListAssignment", "ArrayAndListAssignment.csproj", "{7C9CDC74-2B3F-4B25-BD64-9340DC4066FB}"
EndProject
Global
	GlobalSection(SolutionConfigurationPlatforms) = preSolution
		Debug|Any CPU = Debug|Any CPU
		Release|Any CPU = Release|Any CPU
	EndGlobalSection
	GlobalSection(ProjectConfigurationPlatforms) = postSolution
		{7C9CDC74-2B3F-4B25-BD64-9340DC4066FB}.Debug|Any CPU.ActiveCfg = Debug|Any CPU
		{7C9CDC74-2B3F-4B25-BD64-9340DC4066FB}.Debug|Any CPU.Build.0 = Debug|Any CPU
		{7C9CDC74-2B3F-4B25-BD64-9340DC4066FB}.Release|Any CPU.ActiveCfg = Release|Any CPU
		{7C9CDC74-2B3F-4B25-BD64-9340DC4066FB}.Release|Any CPU.Build.0 = Release|Any CPU
	EndGlobalSection
	GlobalSection(SolutionProperties) = preSolution
		HideSolutionNode = FALSE
	EndGlobalSection
	GlobalSection(ExtensibilityGlobals) = postSolution
		SolutionGuid = {057A234B-981F-4A67-84A2-2E0FF46ACC22}
	EndGlobalSection
EndGlobal
