
Microsoft Visual Studio Solution File, Format Version 12.00
# Visual Studio Version 16
VisualStudioVersion = 16.0.29102.190
MinimumVisualStudioVersion = 10.0.40219.1
Project("{FAE04EC0-301F-11D3-BF4B-00C04F79EFBC}") = "ArrayAndListAssignment", "ArrayAndListAssignment\ArrayAndListAssignment.csproj", "{ECB7E2E9-A5B7-495F-BF72-E5A5DC26560C}"
EndProject
Global
	GlobalSection(SolutionConfigurationPlatforms) = preSolution
		Debug|Any CPU = Debug|Any CPU
		Release|Any CPU = Release|Any CPU
	EndGlobalSection
	GlobalSection(ProjectConfigurationPlatforms) = postSolution
		{ECB7E2E9-A5B7-495F-BF72-E5A5DC26560C}.Debug|Any CPU.ActiveCfg = Debug|Any CPU
		{ECB7E2E9-A5B7-495F-BF72-E5A5DC26560C}.Debug|Any CPU.Build.0 = Debug|Any CPU
		{ECB7E2E9-A5B7-495F-BF72-E5A5DC26560C}.Release|Any CPU.ActiveCfg = Release|Any CPU
		{ECB7E2E9-A5B7-495F-BF72-E5A5DC26560C}.Release|Any CPU.Build.0 = Release|Any CPU
	EndGlobalSection
	GlobalSection(SolutionProperties) = preSolution
		HideSolutionNode = FALSE
	EndGlobalSection
	GlobalSection(ExtensibilityGlobals) = postSolution
		SolutionGuid = {D5A6807F-B187-4B76-A1A4-3937E382B5C2}
	EndGlobalSection
EndGlobal
